
Microsoft Visual Studio Solution File, Format Version 12.00
# Visual Studio 14
VisualStudioVersion = 14.0.23107.0
MinimumVisualStudioVersion = 10.0.40219.1
Project("{D954291E-2A0B-460D-934E-DC6B0785DB48}") = "Vineland.DarkestNight.GameLogic", "Vineland.DarkestNight.GameLogic\Vineland.DarkestNight.GameLogic.shproj", "{5B8751AE-4B0B-4B93-B20B-C0DDFBBCF3C9}"
EndProject
Global
	GlobalSection(SharedMSBuildProjectFiles) = preSolution
		Vineland.DarkestNight.GameLogic\Vineland.DarkestNight.GameLogic.projitems*{5b8751ae-4b0b-4b93-b20b-c0ddfbbcf3c9}*SharedItemsImports = 13
	EndGlobalSection
	GlobalSection(SolutionConfigurationPlatforms) = preSolution
		Debug|Any CPU = Debug|Any CPU
		Release|Any CPU = Release|Any CPU
	EndGlobalSection
	GlobalSection(SolutionProperties) = preSolution
		HideSolutionNode = FALSE
	EndGlobalSection
EndGlobal
