
Microsoft Visual Studio Solution File, Format Version 12.00
# Visual Studio 2012
VisualStudioVersion = 14.0.23107.0
MinimumVisualStudioVersion = 10.0.40219.1
Project("{FAE04EC0-301F-11D3-BF4B-00C04F79EFBC}") = "Vineland.DarkestNight.Core", "Vineland.DarkestNight.Core\Vineland.DarkestNight.Core.csproj", "{7B07D92A-A555-4674-BA5B-BC36E8A0CD6B}"
EndProject
Project("{FAE04EC0-301F-11D3-BF4B-00C04F79EFBC}") = "Vineland.DarkestNight.Core.Test", "Vineland.DarkestNight.Core.Test\Vineland.DarkestNight.Core.Test.csproj", "{46C84570-F22B-414F-BEDA-DE207399E2FB}"
EndProject
Project("{D954291E-2A0B-460D-934E-DC6B0785DB48}") = "Vineland.DarkestNight.Core.Shared", "Vineland.DarkestNight.Core.Shared\Vineland.DarkestNight.Core.Shared.shproj", "{CF9696BB-7111-4698-80B4-1D470307E5CF}"
EndProject
Project("{FAE04EC0-301F-11D3-BF4B-00C04F79EFBC}") = "Vineland.DarkestNight.UI.Testable", "Vineland.DarkestNight.UI.Testable\Vineland.DarkestNight.UI.Testable.csproj", "{0339DB32-4458-4311-8BB0-C50847C6381E}"
EndProject
Project("{FAE04EC0-301F-11D3-BF4B-00C04F79EFBC}") = "Vineland.DarkestNight.UI.Test", "Vineland.DarkestNight.UI.Test\Vineland.DarkestNight.UI.Test.csproj", "{03E29001-A1C1-45AE-B08E-19B0ABD879F1}"
EndProject
Project("{D954291E-2A0B-460D-934E-DC6B0785DB48}") = "Vineland.Necromancer.UI", "Vineland.Necromancer.UI\Vineland.Necromancer.UI.shproj", "{BE04806C-FDFF-47C3-91C4-0B51D1DA6627}"
EndProject
Project("{FAE04EC0-301F-11D3-BF4B-00C04F79EFBC}") = "Vineland.Necromancer.UI.Droid", "Droid\Vineland.Necromancer.UI.Droid.csproj", "{4B2134F0-435F-42FB-AB5E-3E2B8241B462}"
EndProject
Project("{FAE04EC0-301F-11D3-BF4B-00C04F79EFBC}") = "Vineland.Necromancer.UI.UITests", "UITests\Vineland.Necromancer.UI.UITests.csproj", "{4ADFF0EE-FDE2-450D-9C78-EDC45B1E1A1C}"
EndProject
Project("{FAE04EC0-301F-11D3-BF4B-00C04F79EFBC}") = "Vineland.Necromancer.Core", "Vineland.Necromancer.Core\Vineland.Necromancer.Core.csproj", "{B765980C-5128-488A-AB62-430C0FC76517}"
EndProject
Global
	GlobalSection(SolutionConfigurationPlatforms) = preSolution
		Debug|Any CPU = Debug|Any CPU
		Release|Any CPU = Release|Any CPU
	EndGlobalSection
	GlobalSection(ProjectConfigurationPlatforms) = postSolution
		{0339DB32-4458-4311-8BB0-C50847C6381E}.Debug|Any CPU.ActiveCfg = Debug|Any CPU
		{0339DB32-4458-4311-8BB0-C50847C6381E}.Debug|Any CPU.Build.0 = Debug|Any CPU
		{0339DB32-4458-4311-8BB0-C50847C6381E}.Release|Any CPU.ActiveCfg = Release|Any CPU
		{0339DB32-4458-4311-8BB0-C50847C6381E}.Release|Any CPU.Build.0 = Release|Any CPU
		{03E29001-A1C1-45AE-B08E-19B0ABD879F1}.Debug|Any CPU.ActiveCfg = Debug|Any CPU
		{03E29001-A1C1-45AE-B08E-19B0ABD879F1}.Debug|Any CPU.Build.0 = Debug|Any CPU
		{03E29001-A1C1-45AE-B08E-19B0ABD879F1}.Release|Any CPU.ActiveCfg = Release|Any CPU
		{03E29001-A1C1-45AE-B08E-19B0ABD879F1}.Release|Any CPU.Build.0 = Release|Any CPU
		{46C84570-F22B-414F-BEDA-DE207399E2FB}.Debug|Any CPU.ActiveCfg = Debug|Any CPU
		{46C84570-F22B-414F-BEDA-DE207399E2FB}.Debug|Any CPU.Build.0 = Debug|Any CPU
		{46C84570-F22B-414F-BEDA-DE207399E2FB}.Release|Any CPU.ActiveCfg = Release|Any CPU
		{46C84570-F22B-414F-BEDA-DE207399E2FB}.Release|Any CPU.Build.0 = Release|Any CPU
		{4ADFF0EE-FDE2-450D-9C78-EDC45B1E1A1C}.Debug|Any CPU.ActiveCfg = Debug|Any CPU
		{4ADFF0EE-FDE2-450D-9C78-EDC45B1E1A1C}.Debug|Any CPU.Build.0 = Debug|Any CPU
		{4ADFF0EE-FDE2-450D-9C78-EDC45B1E1A1C}.Release|Any CPU.ActiveCfg = Release|Any CPU
		{4ADFF0EE-FDE2-450D-9C78-EDC45B1E1A1C}.Release|Any CPU.Build.0 = Release|Any CPU
		{4B2134F0-435F-42FB-AB5E-3E2B8241B462}.Debug|Any CPU.ActiveCfg = Debug|Any CPU
		{4B2134F0-435F-42FB-AB5E-3E2B8241B462}.Debug|Any CPU.Build.0 = Debug|Any CPU
		{4B2134F0-435F-42FB-AB5E-3E2B8241B462}.Release|Any CPU.ActiveCfg = Release|Any CPU
		{4B2134F0-435F-42FB-AB5E-3E2B8241B462}.Release|Any CPU.Build.0 = Release|Any CPU
		{7B07D92A-A555-4674-BA5B-BC36E8A0CD6B}.Debug|Any CPU.ActiveCfg = Debug|Any CPU
		{7B07D92A-A555-4674-BA5B-BC36E8A0CD6B}.Debug|Any CPU.Build.0 = Debug|Any CPU
		{7B07D92A-A555-4674-BA5B-BC36E8A0CD6B}.Release|Any CPU.ActiveCfg = Release|Any CPU
		{7B07D92A-A555-4674-BA5B-BC36E8A0CD6B}.Release|Any CPU.Build.0 = Release|Any CPU
		{B765980C-5128-488A-AB62-430C0FC76517}.Debug|Any CPU.ActiveCfg = Debug|Any CPU
		{B765980C-5128-488A-AB62-430C0FC76517}.Debug|Any CPU.Build.0 = Debug|Any CPU
		{B765980C-5128-488A-AB62-430C0FC76517}.Release|Any CPU.ActiveCfg = Release|Any CPU
		{B765980C-5128-488A-AB62-430C0FC76517}.Release|Any CPU.Build.0 = Release|Any CPU
	EndGlobalSection
	GlobalSection(SharedMSBuildProjectFiles) = preSolution
		Vineland.DarkestNight.UI.Shared\Vineland.DarkestNight.UI.Shared.projitems*{0339db32-4458-4311-8bb0-c50847c6381e}*SharedItemsImports = 4
		Vineland.DarkestNight.Core.Shared\Vineland.DarkestNight.Core.Shared.projitems*{cf9696bb-7111-4698-80b4-1d470307e5cf}*SharedItemsImports = 13
		Vineland.DarkestNight.UI.Shared\Vineland.DarkestNight.UI.Shared.projitems*{dfefacaa-35f4-4a47-ad3a-feb34852f445}*SharedItemsImports = 13
		Vineland.DarkestNight.UI.Shared\Vineland.DarkestNight.UI.Shared.projitems*{c6e3b432-be3f-4e28-9543-2729f044cda0}*SharedItemsImports = 4
		Vineland.DarkestNight.Core.Shared\Vineland.DarkestNight.Core.Shared.projitems*{c6e3b432-be3f-4e28-9543-2729f044cda0}*SharedItemsImports = 4
		Vineland.DarkestNight.Core.Shared\Vineland.DarkestNight.Core.Shared.projitems*{7b07d92a-a555-4674-ba5b-bc36e8a0cd6b}*SharedItemsImports = 4
	EndGlobalSection
	GlobalSection(SolutionProperties) = preSolution
		HideSolutionNode = FALSE
	EndGlobalSection
EndGlobal
